
Microsoft Visual Studio Solution File, Format Version 12.00
Project("{2150E333-8FDC-42A3-9474-1A3956D46DE8}") = "src", "src", "{B7A3721B-26F9-4CF1-A43D-BBD5429D03CE}"
EndProject
Project("{2150E333-8FDC-42A3-9474-1A3956D46DE8}") = "tests", "tests", "{F7659E96-497F-4366-B271-ACB579365C84}"
EndProject
Project("{FAE04EC0-301F-11D3-BF4B-00C04F79EFBC}") = "StockChatApp.Web", "src\StockChatApp.Web\StockChatApp.Web.csproj", "{1A0BE17A-C17F-4F96-8B76-D798558F56D2}"
EndProject
Project("{FAE04EC0-301F-11D3-BF4B-00C04F79EFBC}") = "Tests.Unit", "tests\Tests.Unit\Tests.Unit.csproj", "{65597F52-6B84-4662-A0C4-C58B2CCED560}"
EndProject
Project("{FAE04EC0-301F-11D3-BF4B-00C04F79EFBC}") = "StockChatApp.Bot", "src\StockChatApp.Bot\StockChatApp.Bot.csproj", "{DC837357-1801-4255-A009-1623E245A3D7}"
EndProject
Project("{FAE04EC0-301F-11D3-BF4B-00C04F79EFBC}") = "Tests.Bot.Unit", "tests\Tests.Bot.Unit\Tests.Bot.Unit.csproj", "{29116C9C-FD5C-42ED-9002-4130B81F88D7}"
EndProject
Global
	GlobalSection(SolutionConfigurationPlatforms) = preSolution
		Debug|Any CPU = Debug|Any CPU
		Release|Any CPU = Release|Any CPU
	EndGlobalSection
	GlobalSection(ProjectConfigurationPlatforms) = postSolution
		{1A0BE17A-C17F-4F96-8B76-D798558F56D2}.Debug|Any CPU.ActiveCfg = Debug|Any CPU
		{1A0BE17A-C17F-4F96-8B76-D798558F56D2}.Debug|Any CPU.Build.0 = Debug|Any CPU
		{1A0BE17A-C17F-4F96-8B76-D798558F56D2}.Release|Any CPU.ActiveCfg = Release|Any CPU
		{1A0BE17A-C17F-4F96-8B76-D798558F56D2}.Release|Any CPU.Build.0 = Release|Any CPU
		{65597F52-6B84-4662-A0C4-C58B2CCED560}.Debug|Any CPU.ActiveCfg = Debug|Any CPU
		{65597F52-6B84-4662-A0C4-C58B2CCED560}.Debug|Any CPU.Build.0 = Debug|Any CPU
		{65597F52-6B84-4662-A0C4-C58B2CCED560}.Release|Any CPU.ActiveCfg = Release|Any CPU
		{65597F52-6B84-4662-A0C4-C58B2CCED560}.Release|Any CPU.Build.0 = Release|Any CPU
		{DC837357-1801-4255-A009-1623E245A3D7}.Debug|Any CPU.ActiveCfg = Debug|Any CPU
		{DC837357-1801-4255-A009-1623E245A3D7}.Debug|Any CPU.Build.0 = Debug|Any CPU
		{DC837357-1801-4255-A009-1623E245A3D7}.Release|Any CPU.ActiveCfg = Release|Any CPU
		{DC837357-1801-4255-A009-1623E245A3D7}.Release|Any CPU.Build.0 = Release|Any CPU
		{29116C9C-FD5C-42ED-9002-4130B81F88D7}.Debug|Any CPU.ActiveCfg = Debug|Any CPU
		{29116C9C-FD5C-42ED-9002-4130B81F88D7}.Debug|Any CPU.Build.0 = Debug|Any CPU
		{29116C9C-FD5C-42ED-9002-4130B81F88D7}.Release|Any CPU.ActiveCfg = Release|Any CPU
		{29116C9C-FD5C-42ED-9002-4130B81F88D7}.Release|Any CPU.Build.0 = Release|Any CPU
	EndGlobalSection
	GlobalSection(NestedProjects) = preSolution
		{1A0BE17A-C17F-4F96-8B76-D798558F56D2} = {B7A3721B-26F9-4CF1-A43D-BBD5429D03CE}
		{65597F52-6B84-4662-A0C4-C58B2CCED560} = {F7659E96-497F-4366-B271-ACB579365C84}
		{DC837357-1801-4255-A009-1623E245A3D7} = {B7A3721B-26F9-4CF1-A43D-BBD5429D03CE}
		{29116C9C-FD5C-42ED-9002-4130B81F88D7} = {F7659E96-497F-4366-B271-ACB579365C84}
	EndGlobalSection
EndGlobal
